
Microsoft Visual Studio Solution File, Format Version 12.00
# Visual Studio Version 17
VisualStudioVersion = 17.0.31521.260
MinimumVisualStudioVersion = 10.0.40219.1
Project("{FAE04EC0-301F-11D3-BF4B-00C04F79EFBC}") = "PrisonConsoleApp", "PrisonConsoleApp\PrisonConsoleApp.csproj", "{7186E742-A71D-479A-9474-D971067A141D}"
EndProject
Global
	GlobalSection(SolutionConfigurationPlatforms) = preSolution
		Debug|Any CPU = Debug|Any CPU
		Release|Any CPU = Release|Any CPU
	EndGlobalSection
	GlobalSection(ProjectConfigurationPlatforms) = postSolution
		{7186E742-A71D-479A-9474-D971067A141D}.Debug|Any CPU.ActiveCfg = Debug|Any CPU
		{7186E742-A71D-479A-9474-D971067A141D}.Debug|Any CPU.Build.0 = Debug|Any CPU
		{7186E742-A71D-479A-9474-D971067A141D}.Release|Any CPU.ActiveCfg = Release|Any CPU
		{7186E742-A71D-479A-9474-D971067A141D}.Release|Any CPU.Build.0 = Release|Any CPU
	EndGlobalSection
	GlobalSection(SolutionProperties) = preSolution
		HideSolutionNode = FALSE
	EndGlobalSection
	GlobalSection(ExtensibilityGlobals) = postSolution
		SolutionGuid = {18D677CC-925A-4449-BA33-5D9F3803FCD3}
	EndGlobalSection
EndGlobal
